{
  "name": "check-in-diario-condicoes",
  "version": "1.0.0",
  "lockfileVersion": 3,
  "requires": true,
  "packages": {
    "": {
      "name": "check-in-diario-condicoes",
      "version": "1.0.0",
      "license": "MIT",
      "engines": {
        "browser": "Chrome 90+, Firefox 88+, Safari 14+, Edge 90+"
      }
    }
  }
}
